
Microsoft Visual Studio Solution File, Format Version 12.00
# Visual Studio 15
VisualStudioVersion = 15.0.28307.960
MinimumVisualStudioVersion = 10.0.40219.1
Project("{FAE04EC0-301F-11D3-BF4B-00C04F79EFBC}") = "Medical_record", "Medical_record\Medical_record.csproj", "{AE4E2532-FC60-4506-A09D-9D3D5E47F732}"
EndProject
Project("{2150E333-8FDC-42A3-9474-1A3956D46DE8}") = "docs", "docs", "{EEEE51C0-7C97-4B23-B908-BA32C873ADBD}"
	ProjectSection(SolutionItems) = preProject
		..\schema.jpg = ..\schema.jpg
	EndProjectSection
EndProject
Global
	GlobalSection(SolutionConfigurationPlatforms) = preSolution
		Debug|Any CPU = Debug|Any CPU
		Debug|x64 = Debug|x64
		Debug|x86 = Debug|x86
		Release|Any CPU = Release|Any CPU
		Release|x64 = Release|x64
		Release|x86 = Release|x86
	EndGlobalSection
	GlobalSection(ProjectConfigurationPlatforms) = postSolution
		{AE4E2532-FC60-4506-A09D-9D3D5E47F732}.Debug|Any CPU.ActiveCfg = Debug|Any CPU
		{AE4E2532-FC60-4506-A09D-9D3D5E47F732}.Debug|Any CPU.Build.0 = Debug|Any CPU
		{AE4E2532-FC60-4506-A09D-9D3D5E47F732}.Debug|x64.ActiveCfg = Debug|x64
		{AE4E2532-FC60-4506-A09D-9D3D5E47F732}.Debug|x64.Build.0 = Debug|x64
		{AE4E2532-FC60-4506-A09D-9D3D5E47F732}.Debug|x86.ActiveCfg = Debug|x86
		{AE4E2532-FC60-4506-A09D-9D3D5E47F732}.Debug|x86.Build.0 = Debug|x86
		{AE4E2532-FC60-4506-A09D-9D3D5E47F732}.Release|Any CPU.ActiveCfg = Release|Any CPU
		{AE4E2532-FC60-4506-A09D-9D3D5E47F732}.Release|Any CPU.Build.0 = Release|Any CPU
		{AE4E2532-FC60-4506-A09D-9D3D5E47F732}.Release|x64.ActiveCfg = Release|x64
		{AE4E2532-FC60-4506-A09D-9D3D5E47F732}.Release|x64.Build.0 = Release|x64
		{AE4E2532-FC60-4506-A09D-9D3D5E47F732}.Release|x86.ActiveCfg = Release|x86
		{AE4E2532-FC60-4506-A09D-9D3D5E47F732}.Release|x86.Build.0 = Release|x86
	EndGlobalSection
	GlobalSection(SolutionProperties) = preSolution
		HideSolutionNode = FALSE
	EndGlobalSection
	GlobalSection(ExtensibilityGlobals) = postSolution
		SolutionGuid = {5F9F9757-A173-49E4-8858-A9F3DF1A8199}
	EndGlobalSection
EndGlobal
